
Microsoft Visual Studio Solution File, Format Version 12.00
# Visual Studio Version 17
VisualStudioVersion = 17.8.34330.188
MinimumVisualStudioVersion = 10.0.40219.1
Project("{FAE04EC0-301F-11D3-BF4B-00C04F79EFBC}") = "CoreStartApp", "CoreStartApp\CoreStartApp.csproj", "{119E76B3-733B-4D42-AE65-3FA89967E795}"
EndProject
Global
	GlobalSection(SolutionConfigurationPlatforms) = preSolution
		Debug|Any CPU = Debug|Any CPU
		Release|Any CPU = Release|Any CPU
	EndGlobalSection
	GlobalSection(ProjectConfigurationPlatforms) = postSolution
		{119E76B3-733B-4D42-AE65-3FA89967E795}.Debug|Any CPU.ActiveCfg = Debug|Any CPU
		{119E76B3-733B-4D42-AE65-3FA89967E795}.Debug|Any CPU.Build.0 = Debug|Any CPU
		{119E76B3-733B-4D42-AE65-3FA89967E795}.Release|Any CPU.ActiveCfg = Release|Any CPU
		{119E76B3-733B-4D42-AE65-3FA89967E795}.Release|Any CPU.Build.0 = Release|Any CPU
	EndGlobalSection
	GlobalSection(SolutionProperties) = preSolution
		HideSolutionNode = FALSE
	EndGlobalSection
	GlobalSection(ExtensibilityGlobals) = postSolution
		SolutionGuid = {E620613D-74C2-4F59-83F3-4AE270B6D7BA}
	EndGlobalSection
EndGlobal
